
Microsoft Visual Studio Solution File, Format Version 12.00
# Visual Studio Version 17
VisualStudioVersion = 17.9.34728.123
MinimumVisualStudioVersion = 10.0.40219.1
Project("{FAE04EC0-301F-11D3-BF4B-00C04F79EFBC}") = "oyster-blog", "oyster-blog.csproj", "{B36526EB-9718-4DB3-89E9-D152CBC0585F}"
EndProject
Global
	GlobalSection(SolutionConfigurationPlatforms) = preSolution
		Debug|Any CPU = Debug|Any CPU
		Release|Any CPU = Release|Any CPU
	EndGlobalSection
	GlobalSection(ProjectConfigurationPlatforms) = postSolution
		{B36526EB-9718-4DB3-89E9-D152CBC0585F}.Debug|Any CPU.ActiveCfg = Debug|Any CPU
		{B36526EB-9718-4DB3-89E9-D152CBC0585F}.Debug|Any CPU.Build.0 = Debug|Any CPU
		{B36526EB-9718-4DB3-89E9-D152CBC0585F}.Release|Any CPU.ActiveCfg = Release|Any CPU
		{B36526EB-9718-4DB3-89E9-D152CBC0585F}.Release|Any CPU.Build.0 = Release|Any CPU
	EndGlobalSection
	GlobalSection(SolutionProperties) = preSolution
		HideSolutionNode = FALSE
	EndGlobalSection
	GlobalSection(ExtensibilityGlobals) = postSolution
		SolutionGuid = {4E9408E2-C773-4300-B5AD-C544CB217CEE}
	EndGlobalSection
EndGlobal
